
Microsoft Visual Studio Solution File, Format Version 12.00
# Visual Studio Version 17
VisualStudioVersion = 17.14.36603.0 d17.14
MinimumVisualStudioVersion = 10.0.40219.1
Project("{00D1A9C2-B5F0-4AF3-8072-F6C62B433612}") = "LAF.Database", "LAF.Database\LAF.Database.sqlproj", "{0178809C-1B5D-4255-9569-EC9107939C67}"
EndProject
Global
	GlobalSection(SolutionConfigurationPlatforms) = preSolution
		Debug|Any CPU = Debug|Any CPU
		Release|Any CPU = Release|Any CPU
	EndGlobalSection
	GlobalSection(ProjectConfigurationPlatforms) = postSolution
		{0178809C-1B5D-4255-9569-EC9107939C67}.Debug|Any CPU.ActiveCfg = Debug|Any CPU
		{0178809C-1B5D-4255-9569-EC9107939C67}.Debug|Any CPU.Build.0 = Debug|Any CPU
		{0178809C-1B5D-4255-9569-EC9107939C67}.Debug|Any CPU.Deploy.0 = Debug|Any CPU
		{0178809C-1B5D-4255-9569-EC9107939C67}.Release|Any CPU.ActiveCfg = Release|Any CPU
		{0178809C-1B5D-4255-9569-EC9107939C67}.Release|Any CPU.Build.0 = Release|Any CPU
		{0178809C-1B5D-4255-9569-EC9107939C67}.Release|Any CPU.Deploy.0 = Release|Any CPU
	EndGlobalSection
	GlobalSection(SolutionProperties) = preSolution
		HideSolutionNode = FALSE
	EndGlobalSection
	GlobalSection(ExtensibilityGlobals) = postSolution
		SolutionGuid = {677CD590-8E66-405D-9A26-6BF1FCED6B36}
	EndGlobalSection
EndGlobal
